// !$*UTF8*$!
{
	archiveVersion = 1;
	classes = {
	};
	objectVersion = 77;
	objects = {

/* Begin PBXBuildFile section */
		D0EEE9C32F3145FD001771BB /* AccountSetup in Frameworks */ = {isa = PBXBuildFile; productRef = D0EEE9C22F3145FD001771BB /* AccountSetup */; };
/* End PBXBuildFile section */

/* Begin PBXContainerItemProxy section */
		D0EEE97A2F312A97001771BB /* PBXContainerItemProxy */ = {
			isa = PBXContainerItemProxy;
			containerPortal = D0EEE9622F312A96001771BB /* Project object */;
			proxyType = 1;
			remoteGlobalIDString = D0EEE9692F312A96001771BB;
			remoteInfo = metu;
		};
		D0EEE9842F312A97001771BB /* PBXContainerItemProxy */ = {
			isa = PBXContainerItemProxy;
			containerPortal = D0EEE9622F312A96001771BB /* Project object */;
			proxyType = 1;
			remoteGlobalIDString = D0EEE9692F312A96001771BB;
			remoteInfo = metu;
		};
/* End PBXContainerItemProxy section */

/* Begin PBXFileReference section */
		D0EEE96A2F312A96001771BB /* metu.app */ = {isa = PBXFileReference; explicitFileType = wrapper.application; includeInIndex = 0; path = metu.app; sourceTree = BUILT_PRODUCTS_DIR; };
		D0EEE9792F312A97001771BB /* Tests.xctest */ = {isa = PBXFileReference; explicitFileType = wrapper.cfbundle; includeInIndex = 0; path = Tests.xctest; sourceTree = BUILT_PRODUCTS_DIR; };
		D0EEE9832F312A97001771BB /* UITests.xctest */ = {isa = PBXFileReference; explicitFileType = wrapper.cfbundle; includeInIndex = 0; path = UITests.xctest; sourceTree = BUILT_PRODUCTS_DIR; };
		D0EEE9C02F3130AE001771BB /* metu.entitlements */ = {isa = PBXFileReference; lastKnownFileType = text.plist.entitlements; path = metu.entitlements; sourceTree = "<group>"; };
/* End PBXFileReference section */

/* Begin PBXFileSystemSynchronizedRootGroup section */
		D0EEE96C2F312A96001771BB /* src */ = {
			isa = PBXFileSystemSynchronizedRootGroup;
			path = src;
			sourceTree = "<group>";
		};
		D0EEE97C2F312A97001771BB /* Tests */ = {
			isa = PBXFileSystemSynchronizedRootGroup;
			path = Tests;
			sourceTree = "<group>";
		};
		D0EEE9862F312A97001771BB /* UITests */ = {
			isa = PBXFileSystemSynchronizedRootGroup;
			path = UITests;
			sourceTree = "<group>";
		};
/* End PBXFileSystemSynchronizedRootGroup section */

/* Begin PBXFrameworksBuildPhase section */
		D0EEE9672F312A96001771BB /* Frameworks */ = {
			isa = PBXFrameworksBuildPhase;
			buildActionMask = 2147483647;
			files = (
				D0EEE9C32F3145FD001771BB /* AccountSetup in Frameworks */,
			);
			runOnlyForDeploymentPostprocessing = 0;
		};
		D0EEE9762F312A97001771BB /* Frameworks */ = {
			isa = PBXFrameworksBuildPhase;
			buildActionMask = 2147483647;
			files = (
			);
			runOnlyForDeploymentPostprocessing = 0;
		};
		D0EEE9802F312A97001771BB /* Frameworks */ = {
			isa = PBXFrameworksBuildPhase;
			buildActionMask = 2147483647;
			files = (
			);
			runOnlyForDeploymentPostprocessing = 0;
		};
/* End PBXFrameworksBuildPhase section */

/* Begin PBXGroup section */
		D0EEE9612F312A96001771BB = {
			isa = PBXGroup;
			children = (
				D0EEE9C02F3130AE001771BB /* metu.entitlements */,
				D0EEE96C2F312A96001771BB /* src */,
				D0EEE97C2F312A97001771BB /* Tests */,
				D0EEE9862F312A97001771BB /* UITests */,
				D0EEE96B2F312A96001771BB /* Products */,
			);
			sourceTree = "<group>";
		};
		D0EEE96B2F312A96001771BB /* Products */ = {
			isa = PBXGroup;
			children = (
				D0EEE96A2F312A96001771BB /* metu.app */,
				D0EEE9792F312A97001771BB /* Tests.xctest */,
				D0EEE9832F312A97001771BB /* UITests.xctest */,
			);
			name = Products;
			sourceTree = "<group>";
		};
/* End PBXGroup section */

/* Begin PBXNativeTarget section */
		D0EEE9692F312A96001771BB /* metu */ = {
			isa = PBXNativeTarget;
			buildConfigurationList = D0EEE98D2F312A97001771BB /* Build configuration list for PBXNativeTarget "metu" */;
			buildPhases = (
				D0EEE9662F312A96001771BB /* Sources */,
				D0EEE9672F312A96001771BB /* Frameworks */,
				D0EEE9682F312A96001771BB /* Resources */,
			);
			buildRules = (
			);
			dependencies = (
			);
			fileSystemSynchronizedGroups = (
				D0EEE96C2F312A96001771BB /* src */,
			);
			name = metu;
			packageProductDependencies = (
				D0EEE9C22F3145FD001771BB /* AccountSetup */,
			);
			productName = metu;
			productReference = D0EEE96A2F312A96001771BB /* metu.app */;
			productType = "com.apple.product-type.application";
		};
		D0EEE9782F312A97001771BB /* Tests */ = {
			isa = PBXNativeTarget;
			buildConfigurationList = D0EEE9902F312A97001771BB /* Build configuration list for PBXNativeTarget "Tests" */;
			buildPhases = (
				D0EEE9752F312A97001771BB /* Sources */,
				D0EEE9762F312A97001771BB /* Frameworks */,
				D0EEE9772F312A97001771BB /* Resources */,
			);
			buildRules = (
			);
			dependencies = (
				D0EEE97B2F312A97001771BB /* PBXTargetDependency */,
			);
			fileSystemSynchronizedGroups = (
				D0EEE97C2F312A97001771BB /* Tests */,
			);
			name = Tests;
			packageProductDependencies = (
			);
			productName = Tests;
			productReference = D0EEE9792F312A97001771BB /* Tests.xctest */;
			productType = "com.apple.product-type.bundle.unit-test";
		};
		D0EEE9822F312A97001771BB /* UITests */ = {
			isa = PBXNativeTarget;
			buildConfigurationList = D0EEE9932F312A97001771BB /* Build configuration list for PBXNativeTarget "UITests" */;
			buildPhases = (
				D0EEE97F2F312A97001771BB /* Sources */,
				D0EEE9802F312A97001771BB /* Frameworks */,
				D0EEE9812F312A97001771BB /* Resources */,
			);
			buildRules = (
			);
			dependencies = (
				D0EEE9852F312A97001771BB /* PBXTargetDependency */,
			);
			fileSystemSynchronizedGroups = (
				D0EEE9862F312A97001771BB /* UITests */,
			);
			name = UITests;
			packageProductDependencies = (
			);
			productName = UITests;
			productReference = D0EEE9832F312A97001771BB /* UITests.xctest */;
			productType = "com.apple.product-type.bundle.ui-testing";
		};
/* End PBXNativeTarget section */

/* Begin PBXProject section */
		D0EEE9622F312A96001771BB /* Project object */ = {
			isa = PBXProject;
			attributes = {
				BuildIndependentTargetsInParallel = 1;
				LastSwiftUpdateCheck = 2600;
				LastUpgradeCheck = 2600;
				TargetAttributes = {
					D0EEE9692F312A96001771BB = {
						CreatedOnToolsVersion = 26.0.1;
					};
					D0EEE9782F312A97001771BB = {
						CreatedOnToolsVersion = 26.0.1;
						TestTargetID = D0EEE9692F312A96001771BB;
					};
					D0EEE9822F312A97001771BB = {
						CreatedOnToolsVersion = 26.0.1;
						TestTargetID = D0EEE9692F312A96001771BB;
					};
				};
			};
			buildConfigurationList = D0EEE9652F312A96001771BB /* Build configuration list for PBXProject "metu" */;
			developmentRegion = en;
			hasScannedForEncodings = 0;
			knownRegions = (
				en,
				Base,
			);
			mainGroup = D0EEE9612F312A96001771BB;
			minimizedProjectReferenceProxies = 1;
			packageReferences = (
				D0EEE9C12F3145FD001771BB /* XCLocalSwiftPackageReference "../../packages/account-setup" */,
			);
			preferredProjectObjectVersion = 77;
			productRefGroup = D0EEE96B2F312A96001771BB /* Products */;
			projectDirPath = "";
			projectRoot = "";
			targets = (
				D0EEE9692F312A96001771BB /* metu */,
				D0EEE9782F312A97001771BB /* Tests */,
				D0EEE9822F312A97001771BB /* UITests */,
			);
		};
/* End PBXProject section */

/* Begin PBXResourcesBuildPhase section */
		D0EEE9682F312A96001771BB /* Resources */ = {
			isa = PBXResourcesBuildPhase;
			buildActionMask = 2147483647;
			files = (
			);
			runOnlyForDeploymentPostprocessing = 0;
		};
		D0EEE9772F312A97001771BB /* Resources */ = {
			isa = PBXResourcesBuildPhase;
			buildActionMask = 2147483647;
			files = (
			);
			runOnlyForDeploymentPostprocessing = 0;
		};
		D0EEE9812F312A97001771BB /* Resources */ = {
			isa = PBXResourcesBuildPhase;
			buildActionMask = 2147483647;
			files = (
			);
			runOnlyForDeploymentPostprocessing = 0;
		};
/* End PBXResourcesBuildPhase section */

/* Begin PBXSourcesBuildPhase section */
		D0EEE9662F312A96001771BB /* Sources */ = {
			isa = PBXSourcesBuildPhase;
			buildActionMask = 2147483647;
			files = (
			);
			runOnlyForDeploymentPostprocessing = 0;
		};
		D0EEE9752F312A97001771BB /* Sources */ = {
			isa = PBXSourcesBuildPhase;
			buildActionMask = 2147483647;
			files = (
			);
			runOnlyForDeploymentPostprocessing = 0;
		};
		D0EEE97F2F312A97001771BB /* Sources */ = {
			isa = PBXSourcesBuildPhase;
			buildActionMask = 2147483647;
			files = (
			);
			runOnlyForDeploymentPostprocessing = 0;
		};
/* End PBXSourcesBuildPhase section */

/* Begin PBXTargetDependency section */
		D0EEE97B2F312A97001771BB /* PBXTargetDependency */ = {
			isa = PBXTargetDependency;
			target = D0EEE9692F312A96001771BB /* metu */;
			targetProxy = D0EEE97A2F312A97001771BB /* PBXContainerItemProxy */;
		};
		D0EEE9852F312A97001771BB /* PBXTargetDependency */ = {
			isa = PBXTargetDependency;
			target = D0EEE9692F312A96001771BB /* metu */;
			targetProxy = D0EEE9842F312A97001771BB /* PBXContainerItemProxy */;
		};
/* End PBXTargetDependency section */

/* Begin XCBuildConfiguration section */
		D0EEE98B2F312A97001771BB /* Debug */ = {
			isa = XCBuildConfiguration;
			buildSettings = {
				ALWAYS_SEARCH_USER_PATHS = NO;
				ASSETCATALOG_COMPILER_GENERATE_SWIFT_ASSET_SYMBOL_EXTENSIONS = YES;
				CLANG_ANALYZER_NONNULL = YES;
				CLANG_ANALYZER_NUMBER_OBJECT_CONVERSION = YES_AGGRESSIVE;
				CLANG_CXX_LANGUAGE_STANDARD = "gnu++20";
				CLANG_ENABLE_MODULES = YES;
				CLANG_ENABLE_OBJC_ARC = YES;
				CLANG_ENABLE_OBJC_WEAK = YES;
				CLANG_WARN_BLOCK_CAPTURE_AUTORELEASING = YES;
				CLANG_WARN_BOOL_CONVERSION = YES;
				CLANG_WARN_COMMA = YES;
				CLANG_WARN_CONSTANT_CONVERSION = YES;
				CLANG_WARN_DEPRECATED_OBJC_IMPLEMENTATIONS = YES;
				CLANG_WARN_DIRECT_OBJC_ISA_USAGE = YES_ERROR;
				CLANG_WARN_DOCUMENTATION_COMMENTS = YES;
				CLANG_WARN_EMPTY_BODY = YES;
				CLANG_WARN_ENUM_CONVERSION = YES;
				CLANG_WARN_INFINITE_RECURSION = YES;
				CLANG_WARN_INT_CONVERSION = YES;
				CLANG_WARN_NON_LITERAL_NULL_CONVERSION = YES;
				CLANG_WARN_OBJC_IMPLICIT_RETAIN_SELF = YES;
				CLANG_WARN_OBJC_LITERAL_CONVERSION = YES;
				CLANG_WARN_OBJC_ROOT_CLASS = YES_ERROR;
				CLANG_WARN_QUOTED_INCLUDE_IN_FRAMEWORK_HEADER = YES;
				CLANG_WARN_RANGE_LOOP_ANALYSIS = YES;
				CLANG_WARN_STRICT_PROTOTYPES = YES;
				CLANG_WARN_SUSPICIOUS_MOVE = YES;
				CLANG_WARN_UNGUARDED_AVAILABILITY = YES_AGGRESSIVE;
				CLANG_WARN_UNREACHABLE_CODE = YES;
				CLANG_WARN__DUPLICATE_METHOD_MATCH = YES;
				COPY_PHASE_STRIP = NO;
				DEBUG_INFORMATION_FORMAT = dwarf;
				DEVELOPMENT_TEAM = QHUBYNZ482;
				ENABLE_STRICT_OBJC_MSGSEND = YES;
				ENABLE_TESTABILITY = YES;
				ENABLE_USER_SCRIPT_SANDBOXING = YES;
				GCC_C_LANGUAGE_STANDARD = gnu17;
				GCC_DYNAMIC_NO_PIC = NO;
				GCC_NO_COMMON_BLOCKS = YES;
				GCC_OPTIMIZATION_LEVEL = 0;
				GCC_PREPROCESSOR_DEFINITIONS = (
					"DEBUG=1",
					"$(inherited)",
				);
				GCC_WARN_64_TO_32_BIT_CONVERSION = YES;
				GCC_WARN_ABOUT_RETURN_TYPE = YES_ERROR;
				GCC_WARN_UNDECLARED_SELECTOR = YES;
				GCC_WARN_UNINITIALIZED_AUTOS = YES_AGGRESSIVE;
				GCC_WARN_UNUSED_FUNCTION = YES;
				GCC_WARN_UNUSED_VARIABLE = YES;
				IPHONEOS_DEPLOYMENT_TARGET = 26.0;
				LOCALIZATION_PREFERS_STRING_CATALOGS = YES;
				MTL_ENABLE_DEBUG_INFO = INCLUDE_SOURCE;
				MTL_FAST_MATH = YES;
				ONLY_ACTIVE_ARCH = YES;
				SDKROOT = iphoneos;
				SWIFT_ACTIVE_COMPILATION_CONDITIONS = "DEBUG $(inherited)";
				SWIFT_OPTIMIZATION_LEVEL = "-Onone";
			};
			name = Debug;
		};
		D0EEE98C2F312A97001771BB /* Release */ = {
			isa = XCBuildConfiguration;
			buildSettings = {
				ALWAYS_SEARCH_USER_PATHS = NO;
				ASSETCATALOG_COMPILER_GENERATE_SWIFT_ASSET_SYMBOL_EXTENSIONS = YES;
				CLANG_ANALYZER_NONNULL = YES;
				CLANG_ANALYZER_NUMBER_OBJECT_CONVERSION = YES_AGGRESSIVE;
				CLANG_CXX_LANGUAGE_STANDARD = "gnu++20";
				CLANG_ENABLE_MODULES = YES;
				CLANG_ENABLE_OBJC_ARC = YES;
				CLANG_ENABLE_OBJC_WEAK = YES;
				CLANG_WARN_BLOCK_CAPTURE_AUTORELEASING = YES;
				CLANG_WARN_BOOL_CONVERSION = YES;
				CLANG_WARN_COMMA = YES;
				CLANG_WARN_CONSTANT_CONVERSION = YES;
				CLANG_WARN_DEPRECATED_OBJC_IMPLEMENTATIONS = YES;
				CLANG_WARN_DIRECT_OBJC_ISA_USAGE = YES_ERROR;
				CLANG_WARN_DOCUMENTATION_COMMENTS = YES;
				CLANG_WARN_EMPTY_BODY = YES;
				CLANG_WARN_ENUM_CONVERSION = YES;
				CLANG_WARN_INFINITE_RECURSION = YES;
				CLANG_WARN_INT_CONVERSION = YES;
				CLANG_WARN_NON_LITERAL_NULL_CONVERSION = YES;
				CLANG_WARN_OBJC_IMPLICIT_RETAIN_SELF = YES;
				CLANG_WARN_OBJC_LITERAL_CONVERSION = YES;
				CLANG_WARN_OBJC_ROOT_CLASS = YES_ERROR;
				CLANG_WARN_QUOTED_INCLUDE_IN_FRAMEWORK_HEADER = YES;
				CLANG_WARN_RANGE_LOOP_ANALYSIS = YES;
				CLANG_WARN_STRICT_PROTOTYPES = YES;
				CLANG_WARN_SUSPICIOUS_MOVE = YES;
				CLANG_WARN_UNGUARDED_AVAILABILITY = YES_AGGRESSIVE;
				CLANG_WARN_UNREACHABLE_CODE = YES;
				CLANG_WARN__DUPLICATE_METHOD_MATCH = YES;
				COPY_PHASE_STRIP = NO;
				DEBUG_INFORMATION_FORMAT = "dwarf-with-dsym";
				DEVELOPMENT_TEAM = QHUBYNZ482;
				ENABLE_NS_ASSERTIONS = NO;
				ENABLE_STRICT_OBJC_MSGSEND = YES;
				ENABLE_USER_SCRIPT_SANDBOXING = YES;
				GCC_C_LANGUAGE_STANDARD = gnu17;
				GCC_NO_COMMON_BLOCKS = YES;
				GCC_WARN_64_TO_32_BIT_CONVERSION = YES;
				GCC_WARN_ABOUT_RETURN_TYPE = YES_ERROR;
				GCC_WARN_UNDECLARED_SELECTOR = YES;
				GCC_WARN_UNINITIALIZED_AUTOS = YES_AGGRESSIVE;
				GCC_WARN_UNUSED_FUNCTION = YES;
				GCC_WARN_UNUSED_VARIABLE = YES;
				IPHONEOS_DEPLOYMENT_TARGET = 26.0;
				LOCALIZATION_PREFERS_STRING_CATALOGS = YES;
				MTL_ENABLE_DEBUG_INFO = NO;
				MTL_FAST_MATH = YES;
				SDKROOT = iphoneos;
				SWIFT_COMPILATION_MODE = wholemodule;
				VALIDATE_PRODUCT = YES;
			};
			name = Release;
		};
		D0EEE98E2F312A97001771BB /* Debug */ = {
			isa = XCBuildConfiguration;
			buildSettings = {
				ASSETCATALOG_COMPILER_APPICON_NAME = AppIcon;
				ASSETCATALOG_COMPILER_GLOBAL_ACCENT_COLOR_NAME = AccentColor;
				ASSETCATALOG_COMPILER_INCLUDE_ALL_APPICON_ASSETS = YES;
				CODE_SIGN_ENTITLEMENTS = metu.entitlements;
				CODE_SIGN_STYLE = Automatic;
				CURRENT_PROJECT_VERSION = 1;
				DEVELOPMENT_TEAM = QHUBYNZ482;
				ENABLE_PREVIEWS = YES;
				GENERATE_INFOPLIST_FILE = YES;
				INFOPLIST_KEY_CFBundleDisplayName = Metu;
				INFOPLIST_KEY_LSApplicationCategoryType = "public.app-category.finance";
				INFOPLIST_KEY_UIAppFonts = (
					"src/Fonts/Roboto/Roboto-Black.ttf",
					"src/Fonts/Roboto/Roboto-Bold.ttf",
					"src/Fonts/Roboto/Roboto-ExtraBold.ttf",
					"src/Fonts/Roboto/Roboto-ExtraLight.ttf",
					"src/Fonts/Roboto/Roboto-Light.ttf",
					"src/Fonts/Roboto/Roboto-Medium.ttf",
					"src/Fonts/Roboto/Roboto-Regular.ttf",
					"src/Fonts/Roboto/Roboto-SemiBold.ttf",
					"src/Fonts/Roboto/Roboto-Thin.ttf",
					"src/Fonts/Roboto/RobotoCondensed-Black.ttf",
					"src/Fonts/Roboto/RobotoCondensed-Bold.ttf",
					"src/Fonts/Roboto/RobotoCondensed-ExtraBold.ttf",
					"src/Fonts/Roboto/RobotoCondensed-ExtraLight.ttf",
					"src/Fonts/Roboto/RobotoCondensed-Light.ttf",
					"src/Fonts/Roboto/RobotoCondensed-Medium.ttf",
					"src/Fonts/Roboto/RobotoCondensed-Regular.ttf",
					"src/Fonts/Roboto/RobotoCondensed-SemiBold.ttf",
					"src/Fonts/Roboto/RobotoCondensed-Thin.ttf",
					"src/Fonts/Roboto/RobotoFlex-VariableFont.ttf",
					"src/Fonts/Roboto/RobotoMono-Bold.ttf",
					"src/Fonts/Roboto/RobotoMono-ExtraLight.ttf",
					"src/Fonts/Roboto/RobotoMono-Light.ttf",
					"src/Fonts/Roboto/RobotoMono-Medium.ttf",
					"src/Fonts/Roboto/RobotoMono-Regular.ttf",
					"src/Fonts/Roboto/RobotoMono-SemiBold.ttf",
					"src/Fonts/Roboto/RobotoMono-Thin.ttf",
					"Fonts/Roboto/Roboto-Black.ttf",
					"Fonts/Roboto/Roboto-Bold.ttf",
					"Fonts/Roboto/Roboto-ExtraBold.ttf",
					"Fonts/Roboto/Roboto-ExtraLight.ttf",
					"Fonts/Roboto/Roboto-Light.ttf",
					"Fonts/Roboto/Roboto-Medium.ttf",
					"Fonts/Roboto/Roboto-Regular.ttf",
					"Fonts/Roboto/Roboto-SemiBold.ttf",
					"Fonts/Roboto/Roboto-Thin.ttf",
				);
				INFOPLIST_KEY_UIApplicationSceneManifest_Generation = YES;
				INFOPLIST_KEY_UIApplicationSupportsIndirectInputEvents = YES;
				INFOPLIST_KEY_UILaunchScreen_Generation = NO;
				INFOPLIST_KEY_UILaunchStoryboardName = LaunchScreen;
				INFOPLIST_KEY_UIStatusBarHidden = YES;
				INFOPLIST_KEY_UISupportedInterfaceOrientations_iPad = "UIInterfaceOrientationPortrait UIInterfaceOrientationPortraitUpsideDown UIInterfaceOrientationLandscapeLeft UIInterfaceOrientationLandscapeRight";
				INFOPLIST_KEY_UISupportedInterfaceOrientations_iPhone = "UIInterfaceOrientationPortrait UIInterfaceOrientationLandscapeLeft UIInterfaceOrientationLandscapeRight";
				LD_RUNPATH_SEARCH_PATHS = (
					"$(inherited)",
					"@executable_path/Frameworks",
				);
				MARKETING_VERSION = 1.0;
				PRODUCT_BUNDLE_IDENTIFIER = com.peteranyaogu.metu;
				PRODUCT_NAME = "$(TARGET_NAME)";
				STRING_CATALOG_GENERATE_SYMBOLS = YES;
				SWIFT_APPROACHABLE_CONCURRENCY = YES;
				SWIFT_DEFAULT_ACTOR_ISOLATION = MainActor;
				SWIFT_EMIT_LOC_STRINGS = YES;
				SWIFT_UPCOMING_FEATURE_MEMBER_IMPORT_VISIBILITY = YES;
				SWIFT_VERSION = 5.0;
				TARGETED_DEVICE_FAMILY = "1,2";
			};
			name = Debug;
		};
		D0EEE98F2F312A97001771BB /* Release */ = {
			isa = XCBuildConfiguration;
			buildSettings = {
				ASSETCATALOG_COMPILER_APPICON_NAME = AppIcon;
				ASSETCATALOG_COMPILER_GLOBAL_ACCENT_COLOR_NAME = AccentColor;
				ASSETCATALOG_COMPILER_INCLUDE_ALL_APPICON_ASSETS = YES;
				CODE_SIGN_ENTITLEMENTS = metu.entitlements;
				CODE_SIGN_STYLE = Automatic;
				CURRENT_PROJECT_VERSION = 1;
				DEVELOPMENT_TEAM = QHUBYNZ482;
				ENABLE_PREVIEWS = YES;
				GENERATE_INFOPLIST_FILE = YES;
				INFOPLIST_KEY_CFBundleDisplayName = Metu;
				INFOPLIST_KEY_LSApplicationCategoryType = "public.app-category.finance";
				INFOPLIST_KEY_UIAppFonts = (
					"src/Fonts/Roboto/Roboto-Black.ttf",
					"src/Fonts/Roboto/Roboto-Bold.ttf",
					"src/Fonts/Roboto/Roboto-ExtraBold.ttf",
					"src/Fonts/Roboto/Roboto-ExtraLight.ttf",
					"src/Fonts/Roboto/Roboto-Light.ttf",
					"src/Fonts/Roboto/Roboto-Medium.ttf",
					"src/Fonts/Roboto/Roboto-Regular.ttf",
					"src/Fonts/Roboto/Roboto-SemiBold.ttf",
					"src/Fonts/Roboto/Roboto-Thin.ttf",
					"src/Fonts/Roboto/RobotoCondensed-Black.ttf",
					"src/Fonts/Roboto/RobotoCondensed-Bold.ttf",
					"src/Fonts/Roboto/RobotoCondensed-ExtraBold.ttf",
					"src/Fonts/Roboto/RobotoCondensed-ExtraLight.ttf",
					"src/Fonts/Roboto/RobotoCondensed-Light.ttf",
					"src/Fonts/Roboto/RobotoCondensed-Medium.ttf",
					"src/Fonts/Roboto/RobotoCondensed-Regular.ttf",
					"src/Fonts/Roboto/RobotoCondensed-SemiBold.ttf",
					"src/Fonts/Roboto/RobotoCondensed-Thin.ttf",
					"src/Fonts/Roboto/RobotoFlex-VariableFont.ttf",
					"src/Fonts/Roboto/RobotoMono-Bold.ttf",
					"src/Fonts/Roboto/RobotoMono-ExtraLight.ttf",
					"src/Fonts/Roboto/RobotoMono-Light.ttf",
					"src/Fonts/Roboto/RobotoMono-Medium.ttf",
					"src/Fonts/Roboto/RobotoMono-Regular.ttf",
					"src/Fonts/Roboto/RobotoMono-SemiBold.ttf",
					"src/Fonts/Roboto/RobotoMono-Thin.ttf",
					"Fonts/Roboto/Roboto-Black.ttf",
					"Fonts/Roboto/Roboto-Bold.ttf",
					"Fonts/Roboto/Roboto-ExtraBold.ttf",
					"Fonts/Roboto/Roboto-ExtraLight.ttf",
					"Fonts/Roboto/Roboto-Light.ttf",
					"Fonts/Roboto/Roboto-Medium.ttf",
					"Fonts/Roboto/Roboto-Regular.ttf",
					"Fonts/Roboto/Roboto-SemiBold.ttf",
					"Fonts/Roboto/Roboto-Thin.ttf",
				);
				INFOPLIST_KEY_UIApplicationSceneManifest_Generation = YES;
				INFOPLIST_KEY_UIApplicationSupportsIndirectInputEvents = YES;
				INFOPLIST_KEY_UILaunchScreen_Generation = NO;
				INFOPLIST_KEY_UILaunchStoryboardName = LaunchScreen;
				INFOPLIST_KEY_UIStatusBarHidden = YES;
				INFOPLIST_KEY_UISupportedInterfaceOrientations_iPad = "UIInterfaceOrientationPortrait UIInterfaceOrientationPortraitUpsideDown UIInterfaceOrientationLandscapeLeft UIInterfaceOrientationLandscapeRight";
				INFOPLIST_KEY_UISupportedInterfaceOrientations_iPhone = "UIInterfaceOrientationPortrait UIInterfaceOrientationLandscapeLeft UIInterfaceOrientationLandscapeRight";
				LD_RUNPATH_SEARCH_PATHS = (
					"$(inherited)",
					"@executable_path/Frameworks",
				);
				MARKETING_VERSION = 1.0;
				PRODUCT_BUNDLE_IDENTIFIER = com.peteranyaogu.metu;
				PRODUCT_NAME = "$(TARGET_NAME)";
				STRING_CATALOG_GENERATE_SYMBOLS = YES;
				SWIFT_APPROACHABLE_CONCURRENCY = YES;
				SWIFT_DEFAULT_ACTOR_ISOLATION = MainActor;
				SWIFT_EMIT_LOC_STRINGS = YES;
				SWIFT_UPCOMING_FEATURE_MEMBER_IMPORT_VISIBILITY = YES;
				SWIFT_VERSION = 5.0;
				TARGETED_DEVICE_FAMILY = "1,2";
			};
			name = Release;
		};
		D0EEE9912F312A97001771BB /* Debug */ = {
			isa = XCBuildConfiguration;
			buildSettings = {
				BUNDLE_LOADER = "$(TEST_HOST)";
				CODE_SIGN_STYLE = Automatic;
				CURRENT_PROJECT_VERSION = 1;
				DEVELOPMENT_TEAM = QHUBYNZ482;
				GENERATE_INFOPLIST_FILE = YES;
				IPHONEOS_DEPLOYMENT_TARGET = 26.0;
				MARKETING_VERSION = 1.0;
				PRODUCT_BUNDLE_IDENTIFIER = com.peteranyaogu.Tests;
				PRODUCT_NAME = "$(TARGET_NAME)";
				STRING_CATALOG_GENERATE_SYMBOLS = NO;
				SWIFT_APPROACHABLE_CONCURRENCY = YES;
				SWIFT_EMIT_LOC_STRINGS = NO;
				SWIFT_UPCOMING_FEATURE_MEMBER_IMPORT_VISIBILITY = YES;
				SWIFT_VERSION = 5.0;
				TARGETED_DEVICE_FAMILY = "1,2";
				TEST_HOST = "$(BUILT_PRODUCTS_DIR)/metu.app/$(BUNDLE_EXECUTABLE_FOLDER_PATH)/metu";
			};
			name = Debug;
		};
		D0EEE9922F312A97001771BB /* Release */ = {
			isa = XCBuildConfiguration;
			buildSettings = {
				BUNDLE_LOADER = "$(TEST_HOST)";
				CODE_SIGN_STYLE = Automatic;
				CURRENT_PROJECT_VERSION = 1;
				DEVELOPMENT_TEAM = QHUBYNZ482;
				GENERATE_INFOPLIST_FILE = YES;
				IPHONEOS_DEPLOYMENT_TARGET = 26.0;
				MARKETING_VERSION = 1.0;
				PRODUCT_BUNDLE_IDENTIFIER = com.peteranyaogu.Tests;
				PRODUCT_NAME = "$(TARGET_NAME)";
				STRING_CATALOG_GENERATE_SYMBOLS = NO;
				SWIFT_APPROACHABLE_CONCURRENCY = YES;
				SWIFT_EMIT_LOC_STRINGS = NO;
				SWIFT_UPCOMING_FEATURE_MEMBER_IMPORT_VISIBILITY = YES;
				SWIFT_VERSION = 5.0;
				TARGETED_DEVICE_FAMILY = "1,2";
				TEST_HOST = "$(BUILT_PRODUCTS_DIR)/metu.app/$(BUNDLE_EXECUTABLE_FOLDER_PATH)/metu";
			};
			name = Release;
		};
		D0EEE9942F312A97001771BB /* Debug */ = {
			isa = XCBuildConfiguration;
			buildSettings = {
				CODE_SIGN_STYLE = Automatic;
				CURRENT_PROJECT_VERSION = 1;
				DEVELOPMENT_TEAM = QHUBYNZ482;
				GENERATE_INFOPLIST_FILE = YES;
				MARKETING_VERSION = 1.0;
				PRODUCT_BUNDLE_IDENTIFIER = com.peteranyaogu.UITests;
				PRODUCT_NAME = "$(TARGET_NAME)";
				STRING_CATALOG_GENERATE_SYMBOLS = NO;
				SWIFT_APPROACHABLE_CONCURRENCY = YES;
				SWIFT_EMIT_LOC_STRINGS = NO;
				SWIFT_UPCOMING_FEATURE_MEMBER_IMPORT_VISIBILITY = YES;
				SWIFT_VERSION = 5.0;
				TARGETED_DEVICE_FAMILY = "1,2";
				TEST_TARGET_NAME = metu;
			};
			name = Debug;
		};
		D0EEE9952F312A97001771BB /* Release */ = {
			isa = XCBuildConfiguration;
			buildSettings = {
				CODE_SIGN_STYLE = Automatic;
				CURRENT_PROJECT_VERSION = 1;
				DEVELOPMENT_TEAM = QHUBYNZ482;
				GENERATE_INFOPLIST_FILE = YES;
				MARKETING_VERSION = 1.0;
				PRODUCT_BUNDLE_IDENTIFIER = com.peteranyaogu.UITests;
				PRODUCT_NAME = "$(TARGET_NAME)";
				STRING_CATALOG_GENERATE_SYMBOLS = NO;
				SWIFT_APPROACHABLE_CONCURRENCY = YES;
				SWIFT_EMIT_LOC_STRINGS = NO;
				SWIFT_UPCOMING_FEATURE_MEMBER_IMPORT_VISIBILITY = YES;
				SWIFT_VERSION = 5.0;
				TARGETED_DEVICE_FAMILY = "1,2";
				TEST_TARGET_NAME = metu;
			};
			name = Release;
		};
/* End XCBuildConfiguration section */

/* Begin XCConfigurationList section */
		D0EEE9652F312A96001771BB /* Build configuration list for PBXProject "metu" */ = {
			isa = XCConfigurationList;
			buildConfigurations = (
				D0EEE98B2F312A97001771BB /* Debug */,
				D0EEE98C2F312A97001771BB /* Release */,
			);
			defaultConfigurationIsVisible = 0;
			defaultConfigurationName = Release;
		};
		D0EEE98D2F312A97001771BB /* Build configuration list for PBXNativeTarget "metu" */ = {
			isa = XCConfigurationList;
			buildConfigurations = (
				D0EEE98E2F312A97001771BB /* Debug */,
				D0EEE98F2F312A97001771BB /* Release */,
			);
			defaultConfigurationIsVisible = 0;
			defaultConfigurationName = Release;
		};
		D0EEE9902F312A97001771BB /* Build configuration list for PBXNativeTarget "Tests" */ = {
			isa = XCConfigurationList;
			buildConfigurations = (
				D0EEE9912F312A97001771BB /* Debug */,
				D0EEE9922F312A97001771BB /* Release */,
			);
			defaultConfigurationIsVisible = 0;
			defaultConfigurationName = Release;
		};
		D0EEE9932F312A97001771BB /* Build configuration list for PBXNativeTarget "UITests" */ = {
			isa = XCConfigurationList;
			buildConfigurations = (
				D0EEE9942F312A97001771BB /* Debug */,
				D0EEE9952F312A97001771BB /* Release */,
			);
			defaultConfigurationIsVisible = 0;
			defaultConfigurationName = Release;
		};
/* End XCConfigurationList section */

/* Begin XCLocalSwiftPackageReference section */
		D0EEE9C12F3145FD001771BB /* XCLocalSwiftPackageReference "../../packages/account-setup" */ = {
			isa = XCLocalSwiftPackageReference;
			relativePath = "../../packages/account-setup";
		};
/* End XCLocalSwiftPackageReference section */

/* Begin XCSwiftPackageProductDependency section */
		D0EEE9C22F3145FD001771BB /* AccountSetup */ = {
			isa = XCSwiftPackageProductDependency;
			productName = AccountSetup;
		};
/* End XCSwiftPackageProductDependency section */
	};
	rootObject = D0EEE9622F312A96001771BB /* Project object */;
}
