{
  "lib/account-abstraction": {
    "tag": {
      "name": "v0.9.0",
      "rev": "b36a1ed52ae00da6f8a4c8d50181e2877e4fa410"
    }
  },
  "lib/forge-std": {
    "rev": "4f227ab1b9a9a62f587580145951c7ace5e42569"
  },
  "lib/openzeppelin-contracts": {
    "rev": "43ea73bc10bd336c53a9fa9f758f20b5bf2fff3b"
  }
}