// !$*UTF8*$!
{
	archiveVersion = 1;
	classes = {
	};
	objectVersion = 77;
	objects = {

/* Begin PBXBuildFile section */
		D00267772F3820510016F342 /* Balance in Frameworks */ = {isa = PBXBuildFile; productRef = D0BAL0012F3A0001001771BB /* Balance */; };
		D00267782F3820510016F342 /* Transactions in Frameworks */ = {isa = PBXBuildFile; productRef = D0TXN0012F3B0001001771BB /* Transactions */; };
		D0CMP0012F4B0001001771BB /* Compose in Frameworks */ = {isa = PBXBuildFile; productRef = D0CMP0022F4B0002001771BB /* Compose */; };
		D0EAD1462F338A17003B1EE1 /* AA in Frameworks */ = {isa = PBXBuildFile; productRef = D0EAD1452F338A17003B1EE1 /* AA */; };
		D0EAD1492F338A51003B1EE1 /* ENS in Frameworks */ = {isa = PBXBuildFile; productRef = D0EAD1482F338A51003B1EE1 /* ENS */; };
		D0EAD14B2F33D734003B1EE1 /* Config.xcconfig in Resources */ = {isa = PBXBuildFile; fileRef = D0EAD14A2F33D734003B1EE1 /* Config.xcconfig */; };
		D0EAD14D2F33D7FD003B1EE1 /* Secrets.xcconfig in Resources */ = {isa = PBXBuildFile; fileRef = D0EAD14C2F33D7FD003B1EE1 /* Secrets.xcconfig */; };
		D0EEE9C32F3145FD001771BB /* AccountSetup in Frameworks */ = {isa = PBXBuildFile; productRef = D0EEE9C22F3145FD001771BB /* AccountSetup */; };
		D0F0B0022F35C1A7001A2B3C /* Localizable.strings in Resources */ = {isa = PBXBuildFile; fileRef = D0F0B0012F35C1A7001A2B3C /* Localizable.strings */; };
		D0QRC0022F6A2002001771BB /* QRCode in Frameworks */ = {isa = PBXBuildFile; productRef = D0QRC0012F6A2001001771BB /* QRCode */; };
/* End PBXBuildFile section */

/* Begin PBXContainerItemProxy section */
		D0EEE97A2F312A97001771BB /* PBXContainerItemProxy */ = {
			isa = PBXContainerItemProxy;
			containerPortal = D0EEE9622F312A96001771BB /* Project object */;
			proxyType = 1;
			remoteGlobalIDString = D0EEE9692F312A96001771BB;
			remoteInfo = knot;
		};
		D0EEE9842F312A97001771BB /* PBXContainerItemProxy */ = {
			isa = PBXContainerItemProxy;
			containerPortal = D0EEE9622F312A96001771BB /* Project object */;
			proxyType = 1;
			remoteGlobalIDString = D0EEE9692F312A96001771BB;
			remoteInfo = knot;
		};
/* End PBXContainerItemProxy section */

/* Begin PBXFileReference section */
		D03AA2D82F32698C00122EF8 /* knot-Info.plist */ = {isa = PBXFileReference; lastKnownFileType = text.plist.xml; path = "knot-Info.plist"; sourceTree = "<group>"; };
		D0EAD14A2F33D734003B1EE1 /* Config.xcconfig */ = {isa = PBXFileReference; lastKnownFileType = text.xcconfig; path = Config.xcconfig; sourceTree = "<group>"; };
		D0EAD14C2F33D7FD003B1EE1 /* Secrets.xcconfig */ = {isa = PBXFileReference; lastKnownFileType = text.xcconfig; path = Secrets.xcconfig; sourceTree = "<group>"; };
		D0EEE96A2F312A96001771BB /* knot.app */ = {isa = PBXFileReference; explicitFileType = wrapper.application; includeInIndex = 0; path = knot.app; sourceTree = BUILT_PRODUCTS_DIR; };
		D0EEE9792F312A97001771BB /* Tests.xctest */ = {isa = PBXFileReference; explicitFileType = wrapper.cfbundle; includeInIndex = 0; path = Tests.xctest; sourceTree = BUILT_PRODUCTS_DIR; };
		D0EEE9832F312A97001771BB /* UITests.xctest */ = {isa = PBXFileReference; explicitFileType = wrapper.cfbundle; includeInIndex = 0; path = UITests.xctest; sourceTree = BUILT_PRODUCTS_DIR; };
		D0EEE9C02F3130AE001771BB /* knot.entitlements */ = {isa = PBXFileReference; lastKnownFileType = text.plist.entitlements; path = knot.entitlements; sourceTree = "<group>"; };
		D0F0B1002F35C1A7001A2B3C /* ar */ = {isa = PBXFileReference; lastKnownFileType = text.plist.strings; name = ar; path = Languages/ar.lproj/Localizable.strings; sourceTree = "<group>"; };
		D0F0B1012F35C1A7001A2B3C /* bn */ = {isa = PBXFileReference; lastKnownFileType = text.plist.strings; name = bn; path = Languages/bn.lproj/Localizable.strings; sourceTree = "<group>"; };
		D0F0B1022F35C1A7001A2B3C /* de */ = {isa = PBXFileReference; lastKnownFileType = text.plist.strings; name = de; path = Languages/de.lproj/Localizable.strings; sourceTree = "<group>"; };
		D0F0B1032F35C1A7001A2B3C /* en */ = {isa = PBXFileReference; lastKnownFileType = text.plist.strings; name = en; path = Languages/en.lproj/Localizable.strings; sourceTree = "<group>"; };
		D0F0B1042F35C1A7001A2B3C /* es */ = {isa = PBXFileReference; lastKnownFileType = text.plist.strings; name = es; path = Languages/es.lproj/Localizable.strings; sourceTree = "<group>"; };
		D0F0B1052F35C1A7001A2B3C /* fr */ = {isa = PBXFileReference; lastKnownFileType = text.plist.strings; name = fr; path = Languages/fr.lproj/Localizable.strings; sourceTree = "<group>"; };
		D0F0B1062F35C1A7001A2B3C /* hi */ = {isa = PBXFileReference; lastKnownFileType = text.plist.strings; name = hi; path = Languages/hi.lproj/Localizable.strings; sourceTree = "<group>"; };
		D0F0B1072F35C1A7001A2B3C /* it */ = {isa = PBXFileReference; lastKnownFileType = text.plist.strings; name = it; path = Languages/it.lproj/Localizable.strings; sourceTree = "<group>"; };
		D0F0B1082F35C1A7001A2B3C /* ja */ = {isa = PBXFileReference; lastKnownFileType = text.plist.strings; name = ja; path = Languages/ja.lproj/Localizable.strings; sourceTree = "<group>"; };
		D0F0B1092F35C1A7001A2B3C /* jv */ = {isa = PBXFileReference; lastKnownFileType = text.plist.strings; name = jv; path = Languages/jv.lproj/Localizable.strings; sourceTree = "<group>"; };
		D0F0B10A2F35C1A7001A2B3C /* ko */ = {isa = PBXFileReference; lastKnownFileType = text.plist.strings; name = ko; path = Languages/ko.lproj/Localizable.strings; sourceTree = "<group>"; };
		D0F0B10B2F35C1A7001A2B3C /* mr */ = {isa = PBXFileReference; lastKnownFileType = text.plist.strings; name = mr; path = Languages/mr.lproj/Localizable.strings; sourceTree = "<group>"; };
		D0F0B10C2F35C1A7001A2B3C /* pt */ = {isa = PBXFileReference; lastKnownFileType = text.plist.strings; name = pt; path = Languages/pt.lproj/Localizable.strings; sourceTree = "<group>"; };
		D0F0B10D2F35C1A7001A2B3C /* ru */ = {isa = PBXFileReference; lastKnownFileType = text.plist.strings; name = ru; path = Languages/ru.lproj/Localizable.strings; sourceTree = "<group>"; };
		D0F0B10E2F35C1A7001A2B3C /* sw */ = {isa = PBXFileReference; lastKnownFileType = text.plist.strings; name = sw; path = Languages/sw.lproj/Localizable.strings; sourceTree = "<group>"; };
		D0F0B10F2F35C1A7001A2B3C /* ta */ = {isa = PBXFileReference; lastKnownFileType = text.plist.strings; name = ta; path = Languages/ta.lproj/Localizable.strings; sourceTree = "<group>"; };
		D0F0B1102F35C1A7001A2B3C /* te */ = {isa = PBXFileReference; lastKnownFileType = text.plist.strings; name = te; path = Languages/te.lproj/Localizable.strings; sourceTree = "<group>"; };
		D0F0B1112F35C1A7001A2B3C /* tr */ = {isa = PBXFileReference; lastKnownFileType = text.plist.strings; name = tr; path = Languages/tr.lproj/Localizable.strings; sourceTree = "<group>"; };
		D0F0B1122F35C1A7001A2B3C /* ur */ = {isa = PBXFileReference; lastKnownFileType = text.plist.strings; name = ur; path = Languages/ur.lproj/Localizable.strings; sourceTree = "<group>"; };
		D0F0B1132F35C1A7001A2B3C /* zh */ = {isa = PBXFileReference; lastKnownFileType = text.plist.strings; name = zh; path = Languages/zh.lproj/Localizable.strings; sourceTree = "<group>"; };
/* End PBXFileReference section */

/* Begin PBXFileSystemSynchronizedBuildFileExceptionSet section */
		D0EEEFC92F32636B001771BB /* Exceptions for "src" folder in "knot" target */ = {
			isa = PBXFileSystemSynchronizedBuildFileExceptionSet;
			membershipExceptions = (
				Theme/README.md,
			);
			target = D0EEE9692F312A96001771BB /* knot */;
		};
/* End PBXFileSystemSynchronizedBuildFileExceptionSet section */

/* Begin PBXFileSystemSynchronizedRootGroup section */
		D0EEE96C2F312A96001771BB /* src */ = {
			isa = PBXFileSystemSynchronizedRootGroup;
			exceptions = (
				D0EEEFC92F32636B001771BB /* Exceptions for "src" folder in "knot" target */,
			);
			path = src;
			sourceTree = "<group>";
		};
		D0EEE97C2F312A97001771BB /* Tests */ = {
			isa = PBXFileSystemSynchronizedRootGroup;
			path = Tests;
			sourceTree = "<group>";
		};
		D0EEE9862F312A97001771BB /* UITests */ = {
			isa = PBXFileSystemSynchronizedRootGroup;
			path = UITests;
			sourceTree = "<group>";
		};
/* End PBXFileSystemSynchronizedRootGroup section */

/* Begin PBXFrameworksBuildPhase section */
		D0EEE9672F312A96001771BB /* Frameworks */ = {
			isa = PBXFrameworksBuildPhase;
			buildActionMask = 2147483647;
			files = (
				D0CMP0012F4B0001001771BB /* Compose in Frameworks */,
				D00267782F3820510016F342 /* Transactions in Frameworks */,
				D00267772F3820510016F342 /* Balance in Frameworks */,
				D0EAD1492F338A51003B1EE1 /* ENS in Frameworks */,
				D0EAD1462F338A17003B1EE1 /* AA in Frameworks */,
				D0EEE9C32F3145FD001771BB /* AccountSetup in Frameworks */,
				D0QRC0022F6A2002001771BB /* QRCode in Frameworks */,
			);
			runOnlyForDeploymentPostprocessing = 0;
		};
		D0EEE9762F312A97001771BB /* Frameworks */ = {
			isa = PBXFrameworksBuildPhase;
			buildActionMask = 2147483647;
			files = (
			);
			runOnlyForDeploymentPostprocessing = 0;
		};
		D0EEE9802F312A97001771BB /* Frameworks */ = {
			isa = PBXFrameworksBuildPhase;
			buildActionMask = 2147483647;
			files = (
			);
			runOnlyForDeploymentPostprocessing = 0;
		};
/* End PBXFrameworksBuildPhase section */

/* Begin PBXGroup section */
		D0EEE9612F312A96001771BB = {
			isa = PBXGroup;
			children = (
				D0F0B0012F35C1A7001A2B3C /* Localizable.strings */,
				D0EAD14C2F33D7FD003B1EE1 /* Secrets.xcconfig */,
				D0EAD14A2F33D734003B1EE1 /* Config.xcconfig */,
				D03AA2D82F32698C00122EF8 /* knot-Info.plist */,
				D0EEE9C02F3130AE001771BB /* knot.entitlements */,
				D0EEE96C2F312A96001771BB /* src */,
				D0EEE97C2F312A97001771BB /* Tests */,
				D0EEE9862F312A97001771BB /* UITests */,
				D0EEE96B2F312A96001771BB /* Products */,
			);
			sourceTree = "<group>";
		};
		D0EEE96B2F312A96001771BB /* Products */ = {
			isa = PBXGroup;
			children = (
				D0EEE96A2F312A96001771BB /* knot.app */,
				D0EEE9792F312A97001771BB /* Tests.xctest */,
				D0EEE9832F312A97001771BB /* UITests.xctest */,
			);
			name = Products;
			sourceTree = "<group>";
		};
/* End PBXGroup section */

/* Begin PBXNativeTarget section */
		D0EEE9692F312A96001771BB /* knot */ = {
			isa = PBXNativeTarget;
			buildConfigurationList = D0EEE98D2F312A97001771BB /* Build configuration list for PBXNativeTarget "knot" */;
			buildPhases = (
				D0EEE9662F312A96001771BB /* Sources */,
				D0EEE9672F312A96001771BB /* Frameworks */,
				D0EEE9682F312A96001771BB /* Resources */,
			);
			buildRules = (
			);
			dependencies = (
			);
			fileSystemSynchronizedGroups = (
				D0EEE96C2F312A96001771BB /* src */,
			);
			name = knot;
			packageProductDependencies = (
				D0EEE9C22F3145FD001771BB /* AccountSetup */,
				D0EAD1452F338A17003B1EE1 /* AA */,
				D0EAD1482F338A51003B1EE1 /* ENS */,
				D0BAL0012F3A0001001771BB /* Balance */,
				D0TXN0012F3B0001001771BB /* Transactions */,
				D0CMP0022F4B0002001771BB /* Compose */,
				D0QRC0012F6A2001001771BB /* QRCode */,
			);
			productName = knot;
			productReference = D0EEE96A2F312A96001771BB /* knot.app */;
			productType = "com.apple.product-type.application";
		};
		D0EEE9782F312A97001771BB /* Tests */ = {
			isa = PBXNativeTarget;
			buildConfigurationList = D0EEE9902F312A97001771BB /* Build configuration list for PBXNativeTarget "Tests" */;
			buildPhases = (
				D0EEE9752F312A97001771BB /* Sources */,
				D0EEE9762F312A97001771BB /* Frameworks */,
				D0EEE9772F312A97001771BB /* Resources */,
			);
			buildRules = (
			);
			dependencies = (
				D0EEE97B2F312A97001771BB /* PBXTargetDependency */,
			);
			fileSystemSynchronizedGroups = (
				D0EEE97C2F312A97001771BB /* Tests */,
			);
			name = Tests;
			packageProductDependencies = (
			);
			productName = Tests;
			productReference = D0EEE9792F312A97001771BB /* Tests.xctest */;
			productType = "com.apple.product-type.bundle.unit-test";
		};
		D0EEE9822F312A97001771BB /* UITests */ = {
			isa = PBXNativeTarget;
			buildConfigurationList = D0EEE9932F312A97001771BB /* Build configuration list for PBXNativeTarget "UITests" */;
			buildPhases = (
				D0EEE97F2F312A97001771BB /* Sources */,
				D0EEE9802F312A97001771BB /* Frameworks */,
				D0EEE9812F312A97001771BB /* Resources */,
			);
			buildRules = (
			);
			dependencies = (
				D0EEE9852F312A97001771BB /* PBXTargetDependency */,
			);
			fileSystemSynchronizedGroups = (
				D0EEE9862F312A97001771BB /* UITests */,
			);
			name = UITests;
			packageProductDependencies = (
			);
			productName = UITests;
			productReference = D0EEE9832F312A97001771BB /* UITests.xctest */;
			productType = "com.apple.product-type.bundle.ui-testing";
		};
/* End PBXNativeTarget section */

/* Begin PBXProject section */
		D0EEE9622F312A96001771BB /* Project object */ = {
			isa = PBXProject;
			attributes = {
				BuildIndependentTargetsInParallel = 1;
				LastSwiftUpdateCheck = 2600;
				LastUpgradeCheck = 2630;
				TargetAttributes = {
					D0EEE9692F312A96001771BB = {
						CreatedOnToolsVersion = 26.0.1;
					};
					D0EEE9782F312A97001771BB = {
						CreatedOnToolsVersion = 26.0.1;
						TestTargetID = D0EEE9692F312A96001771BB;
					};
					D0EEE9822F312A97001771BB = {
						CreatedOnToolsVersion = 26.0.1;
						TestTargetID = D0EEE9692F312A96001771BB;
					};
				};
			};
			buildConfigurationList = D0EEE9652F312A96001771BB /* Build configuration list for PBXProject "knot" */;
			developmentRegion = en;
			hasScannedForEncodings = 0;
			knownRegions = (
				en,
				bn,
				ar,
				hi,
				te,
				tr,
				it,
				ko,
				ta,
				pt,
				ur,
				ja,
				de,
				sw,
				mr,
				es,
				fr,
				ru,
				jv,
				zh,
			);
			mainGroup = D0EEE9612F312A96001771BB;
			minimizedProjectReferenceProxies = 1;
			packageReferences = (
				D0EEE9C12F3145FD001771BB /* XCLocalSwiftPackageReference "../../packages/account-setup" */,
				D0EAD1412F338079003B1EE1 /* XCLocalSwiftPackageReference "../../packages/transactions" */,
				D0EAD1442F338A17003B1EE1 /* XCLocalSwiftPackageReference "../../packages/aa" */,
				D0EAD1472F338A51003B1EE1 /* XCLocalSwiftPackageReference "../../packages/ens" */,
				D0BAL0002F3A0000001771BB /* XCLocalSwiftPackageReference "../../packages/balance" */,
				D0CMP0002F4B0000001771BB /* XCLocalSwiftPackageReference "../../packages/compose" */,
				D0QRC0002F6A2000001771BB /* XCRemoteSwiftPackageReference "QRCode" */,
			);
			preferredProjectObjectVersion = 77;
			productRefGroup = D0EEE96B2F312A96001771BB /* Products */;
			projectDirPath = "";
			projectRoot = "";
			targets = (
				D0EEE9692F312A96001771BB /* knot */,
				D0EEE9782F312A97001771BB /* Tests */,
				D0EEE9822F312A97001771BB /* UITests */,
			);
		};
/* End PBXProject section */

/* Begin PBXResourcesBuildPhase section */
		D0EEE9682F312A96001771BB /* Resources */ = {
			isa = PBXResourcesBuildPhase;
			buildActionMask = 2147483647;
			files = (
				D0F0B0022F35C1A7001A2B3C /* Localizable.strings in Resources */,
				D0EAD14D2F33D7FD003B1EE1 /* Secrets.xcconfig in Resources */,
				D0EAD14B2F33D734003B1EE1 /* Config.xcconfig in Resources */,
			);
			runOnlyForDeploymentPostprocessing = 0;
		};
		D0EEE9772F312A97001771BB /* Resources */ = {
			isa = PBXResourcesBuildPhase;
			buildActionMask = 2147483647;
			files = (
			);
			runOnlyForDeploymentPostprocessing = 0;
		};
		D0EEE9812F312A97001771BB /* Resources */ = {
			isa = PBXResourcesBuildPhase;
			buildActionMask = 2147483647;
			files = (
			);
			runOnlyForDeploymentPostprocessing = 0;
		};
/* End PBXResourcesBuildPhase section */

/* Begin PBXSourcesBuildPhase section */
		D0EEE9662F312A96001771BB /* Sources */ = {
			isa = PBXSourcesBuildPhase;
			buildActionMask = 2147483647;
			files = (
			);
			runOnlyForDeploymentPostprocessing = 0;
		};
		D0EEE9752F312A97001771BB /* Sources */ = {
			isa = PBXSourcesBuildPhase;
			buildActionMask = 2147483647;
			files = (
			);
			runOnlyForDeploymentPostprocessing = 0;
		};
		D0EEE97F2F312A97001771BB /* Sources */ = {
			isa = PBXSourcesBuildPhase;
			buildActionMask = 2147483647;
			files = (
			);
			runOnlyForDeploymentPostprocessing = 0;
		};
/* End PBXSourcesBuildPhase section */

/* Begin PBXTargetDependency section */
		D0EEE97B2F312A97001771BB /* PBXTargetDependency */ = {
			isa = PBXTargetDependency;
			target = D0EEE9692F312A96001771BB /* knot */;
			targetProxy = D0EEE97A2F312A97001771BB /* PBXContainerItemProxy */;
		};
		D0EEE9852F312A97001771BB /* PBXTargetDependency */ = {
			isa = PBXTargetDependency;
			target = D0EEE9692F312A96001771BB /* knot */;
			targetProxy = D0EEE9842F312A97001771BB /* PBXContainerItemProxy */;
		};
/* End PBXTargetDependency section */

/* Begin PBXVariantGroup section */
		D0F0B0012F35C1A7001A2B3C /* Localizable.strings */ = {
			isa = PBXVariantGroup;
			children = (
				D0F0B1002F35C1A7001A2B3C /* ar */,
				D0F0B1012F35C1A7001A2B3C /* bn */,
				D0F0B1022F35C1A7001A2B3C /* de */,
				D0F0B1032F35C1A7001A2B3C /* en */,
				D0F0B1042F35C1A7001A2B3C /* es */,
				D0F0B1052F35C1A7001A2B3C /* fr */,
				D0F0B1062F35C1A7001A2B3C /* hi */,
				D0F0B1072F35C1A7001A2B3C /* it */,
				D0F0B1082F35C1A7001A2B3C /* ja */,
				D0F0B1092F35C1A7001A2B3C /* jv */,
				D0F0B10A2F35C1A7001A2B3C /* ko */,
				D0F0B10B2F35C1A7001A2B3C /* mr */,
				D0F0B10C2F35C1A7001A2B3C /* pt */,
				D0F0B10D2F35C1A7001A2B3C /* ru */,
				D0F0B10E2F35C1A7001A2B3C /* sw */,
				D0F0B10F2F35C1A7001A2B3C /* ta */,
				D0F0B1102F35C1A7001A2B3C /* te */,
				D0F0B1112F35C1A7001A2B3C /* tr */,
				D0F0B1122F35C1A7001A2B3C /* ur */,
				D0F0B1132F35C1A7001A2B3C /* zh */,
			);
			name = Localizable.strings;
			sourceTree = "<group>";
		};
/* End PBXVariantGroup section */

/* Begin XCBuildConfiguration section */
		D0EEE98B2F312A97001771BB /* Debug */ = {
			isa = XCBuildConfiguration;
			baseConfigurationReference = D0EAD14A2F33D734003B1EE1 /* Config.xcconfig */;
			buildSettings = {
				ALWAYS_SEARCH_USER_PATHS = NO;
				ASSETCATALOG_COMPILER_GENERATE_SWIFT_ASSET_SYMBOL_EXTENSIONS = YES;
				CLANG_ANALYZER_LOCALIZABILITY_NONLOCALIZED = YES;
				CLANG_ANALYZER_NONNULL = YES;
				CLANG_ANALYZER_NUMBER_OBJECT_CONVERSION = YES_AGGRESSIVE;
				CLANG_CXX_LANGUAGE_STANDARD = "gnu++20";
				CLANG_ENABLE_MODULES = YES;
				CLANG_ENABLE_OBJC_ARC = YES;
				CLANG_ENABLE_OBJC_WEAK = YES;
				CLANG_WARN_BLOCK_CAPTURE_AUTORELEASING = YES;
				CLANG_WARN_BOOL_CONVERSION = YES;
				CLANG_WARN_COMMA = YES;
				CLANG_WARN_CONSTANT_CONVERSION = YES;
				CLANG_WARN_DEPRECATED_OBJC_IMPLEMENTATIONS = YES;
				CLANG_WARN_DIRECT_OBJC_ISA_USAGE = YES_ERROR;
				CLANG_WARN_DOCUMENTATION_COMMENTS = YES;
				CLANG_WARN_EMPTY_BODY = YES;
				CLANG_WARN_ENUM_CONVERSION = YES;
				CLANG_WARN_INFINITE_RECURSION = YES;
				CLANG_WARN_INT_CONVERSION = YES;
				CLANG_WARN_NON_LITERAL_NULL_CONVERSION = YES;
				CLANG_WARN_OBJC_IMPLICIT_RETAIN_SELF = YES;
				CLANG_WARN_OBJC_LITERAL_CONVERSION = YES;
				CLANG_WARN_OBJC_ROOT_CLASS = YES_ERROR;
				CLANG_WARN_QUOTED_INCLUDE_IN_FRAMEWORK_HEADER = YES;
				CLANG_WARN_RANGE_LOOP_ANALYSIS = YES;
				CLANG_WARN_STRICT_PROTOTYPES = YES;
				CLANG_WARN_SUSPICIOUS_MOVE = YES;
				CLANG_WARN_UNGUARDED_AVAILABILITY = YES_AGGRESSIVE;
				CLANG_WARN_UNREACHABLE_CODE = YES;
				CLANG_WARN__DUPLICATE_METHOD_MATCH = YES;
				COPY_PHASE_STRIP = NO;
				DEBUG_INFORMATION_FORMAT = dwarf;
				DEVELOPMENT_TEAM = QHUBYNZ482;
				ENABLE_STRICT_OBJC_MSGSEND = YES;
				ENABLE_TESTABILITY = YES;
				ENABLE_USER_SCRIPT_SANDBOXING = YES;
				GCC_C_LANGUAGE_STANDARD = gnu17;
				GCC_DYNAMIC_NO_PIC = NO;
				GCC_NO_COMMON_BLOCKS = YES;
				GCC_OPTIMIZATION_LEVEL = 0;
				GCC_PREPROCESSOR_DEFINITIONS = (
					"DEBUG=1",
					"$(inherited)",
				);
				GCC_WARN_64_TO_32_BIT_CONVERSION = YES;
				GCC_WARN_ABOUT_RETURN_TYPE = YES_ERROR;
				GCC_WARN_UNDECLARED_SELECTOR = YES;
				GCC_WARN_UNINITIALIZED_AUTOS = YES_AGGRESSIVE;
				GCC_WARN_UNUSED_FUNCTION = YES;
				GCC_WARN_UNUSED_VARIABLE = YES;
				IPHONEOS_DEPLOYMENT_TARGET = 26.0;
				LOCALIZATION_PREFERS_STRING_CATALOGS = YES;
				MTL_ENABLE_DEBUG_INFO = INCLUDE_SOURCE;
				MTL_FAST_MATH = YES;
				ONLY_ACTIVE_ARCH = YES;
				SDKROOT = iphoneos;
				STRING_CATALOG_GENERATE_SYMBOLS = YES;
				SWIFT_ACTIVE_COMPILATION_CONDITIONS = "DEBUG $(inherited)";
				SWIFT_OPTIMIZATION_LEVEL = "-Onone";
			};
			name = Debug;
		};
		D0EEE98C2F312A97001771BB /* Release */ = {
			isa = XCBuildConfiguration;
			baseConfigurationReference = D0EAD14A2F33D734003B1EE1 /* Config.xcconfig */;
			buildSettings = {
				ALWAYS_SEARCH_USER_PATHS = NO;
				ASSETCATALOG_COMPILER_GENERATE_SWIFT_ASSET_SYMBOL_EXTENSIONS = YES;
				CLANG_ANALYZER_LOCALIZABILITY_NONLOCALIZED = YES;
				CLANG_ANALYZER_NONNULL = YES;
				CLANG_ANALYZER_NUMBER_OBJECT_CONVERSION = YES_AGGRESSIVE;
				CLANG_CXX_LANGUAGE_STANDARD = "gnu++20";
				CLANG_ENABLE_MODULES = YES;
				CLANG_ENABLE_OBJC_ARC = YES;
				CLANG_ENABLE_OBJC_WEAK = YES;
				CLANG_WARN_BLOCK_CAPTURE_AUTORELEASING = YES;
				CLANG_WARN_BOOL_CONVERSION = YES;
				CLANG_WARN_COMMA = YES;
				CLANG_WARN_CONSTANT_CONVERSION = YES;
				CLANG_WARN_DEPRECATED_OBJC_IMPLEMENTATIONS = YES;
				CLANG_WARN_DIRECT_OBJC_ISA_USAGE = YES_ERROR;
				CLANG_WARN_DOCUMENTATION_COMMENTS = YES;
				CLANG_WARN_EMPTY_BODY = YES;
				CLANG_WARN_ENUM_CONVERSION = YES;
				CLANG_WARN_INFINITE_RECURSION = YES;
				CLANG_WARN_INT_CONVERSION = YES;
				CLANG_WARN_NON_LITERAL_NULL_CONVERSION = YES;
				CLANG_WARN_OBJC_IMPLICIT_RETAIN_SELF = YES;
				CLANG_WARN_OBJC_LITERAL_CONVERSION = YES;
				CLANG_WARN_OBJC_ROOT_CLASS = YES_ERROR;
				CLANG_WARN_QUOTED_INCLUDE_IN_FRAMEWORK_HEADER = YES;
				CLANG_WARN_RANGE_LOOP_ANALYSIS = YES;
				CLANG_WARN_STRICT_PROTOTYPES = YES;
				CLANG_WARN_SUSPICIOUS_MOVE = YES;
				CLANG_WARN_UNGUARDED_AVAILABILITY = YES_AGGRESSIVE;
				CLANG_WARN_UNREACHABLE_CODE = YES;
				CLANG_WARN__DUPLICATE_METHOD_MATCH = YES;
				COPY_PHASE_STRIP = NO;
				DEBUG_INFORMATION_FORMAT = "dwarf-with-dsym";
				DEVELOPMENT_TEAM = QHUBYNZ482;
				ENABLE_NS_ASSERTIONS = NO;
				ENABLE_STRICT_OBJC_MSGSEND = YES;
				ENABLE_USER_SCRIPT_SANDBOXING = YES;
				GCC_C_LANGUAGE_STANDARD = gnu17;
				GCC_NO_COMMON_BLOCKS = YES;
				GCC_WARN_64_TO_32_BIT_CONVERSION = YES;
				GCC_WARN_ABOUT_RETURN_TYPE = YES_ERROR;
				GCC_WARN_UNDECLARED_SELECTOR = YES;
				GCC_WARN_UNINITIALIZED_AUTOS = YES_AGGRESSIVE;
				GCC_WARN_UNUSED_FUNCTION = YES;
				GCC_WARN_UNUSED_VARIABLE = YES;
				IPHONEOS_DEPLOYMENT_TARGET = 26.0;
				LOCALIZATION_PREFERS_STRING_CATALOGS = YES;
				MTL_ENABLE_DEBUG_INFO = NO;
				MTL_FAST_MATH = YES;
				SDKROOT = iphoneos;
				STRING_CATALOG_GENERATE_SYMBOLS = YES;
				SWIFT_COMPILATION_MODE = wholemodule;
				VALIDATE_PRODUCT = YES;
			};
			name = Release;
		};
		D0EEE98E2F312A97001771BB /* Debug */ = {
			isa = XCBuildConfiguration;
			buildSettings = {
				ASSETCATALOG_COMPILER_APPICON_NAME = AppIcon;
				ASSETCATALOG_COMPILER_GLOBAL_ACCENT_COLOR_NAME = AccentColor;
				ASSETCATALOG_COMPILER_INCLUDE_ALL_APPICON_ASSETS = YES;
				CODE_SIGN_ENTITLEMENTS = knot.entitlements;
				CODE_SIGN_STYLE = Automatic;
				CURRENT_PROJECT_VERSION = 1;
				DEVELOPMENT_TEAM = QHUBYNZ482;
				ENABLE_PREVIEWS = YES;
				GENERATE_INFOPLIST_FILE = NO;
				INFOPLIST_FILE = "knot-Info.plist";
				INFOPLIST_KEY_CFBundleDisplayName = Knot;
				INFOPLIST_KEY_LSApplicationCategoryType = "public.app-category.finance";
				INFOPLIST_KEY_UIApplicationSceneManifest_Generation = YES;
				INFOPLIST_KEY_UIApplicationSupportsIndirectInputEvents = YES;
				INFOPLIST_KEY_UILaunchStoryboardName = LaunchScreen;
				INFOPLIST_KEY_UIStatusBarHidden = YES;
				INFOPLIST_KEY_UISupportedInterfaceOrientations_iPad = "UIInterfaceOrientationPortrait UIInterfaceOrientationPortraitUpsideDown UIInterfaceOrientationLandscapeLeft UIInterfaceOrientationLandscapeRight";
				INFOPLIST_KEY_UISupportedInterfaceOrientations_iPhone = "UIInterfaceOrientationPortrait UIInterfaceOrientationLandscapeLeft UIInterfaceOrientationLandscapeRight";
				LD_RUNPATH_SEARCH_PATHS = (
					"$(inherited)",
					"@executable_path/Frameworks",
				);
				MARKETING_VERSION = 1.0;
				PRODUCT_BUNDLE_IDENTIFIER = fi.knot;
				PRODUCT_NAME = "$(TARGET_NAME)";
				STRING_CATALOG_GENERATE_SYMBOLS = YES;
				SWIFT_APPROACHABLE_CONCURRENCY = YES;
				SWIFT_DEFAULT_ACTOR_ISOLATION = MainActor;
				SWIFT_EMIT_LOC_STRINGS = YES;
				SWIFT_UPCOMING_FEATURE_MEMBER_IMPORT_VISIBILITY = YES;
				SWIFT_VERSION = 5.0;
				TARGETED_DEVICE_FAMILY = "1,2";
			};
			name = Debug;
		};
		D0EEE98F2F312A97001771BB /* Release */ = {
			isa = XCBuildConfiguration;
			buildSettings = {
				ASSETCATALOG_COMPILER_APPICON_NAME = AppIcon;
				ASSETCATALOG_COMPILER_GLOBAL_ACCENT_COLOR_NAME = AccentColor;
				ASSETCATALOG_COMPILER_INCLUDE_ALL_APPICON_ASSETS = YES;
				CODE_SIGN_ENTITLEMENTS = knot.entitlements;
				CODE_SIGN_STYLE = Automatic;
				CURRENT_PROJECT_VERSION = 1;
				DEVELOPMENT_TEAM = QHUBYNZ482;
				ENABLE_PREVIEWS = YES;
				GENERATE_INFOPLIST_FILE = NO;
				INFOPLIST_FILE = "knot-Info.plist";
				INFOPLIST_KEY_CFBundleDisplayName = Knot;
				INFOPLIST_KEY_LSApplicationCategoryType = "public.app-category.finance";
				INFOPLIST_KEY_UIApplicationSceneManifest_Generation = YES;
				INFOPLIST_KEY_UIApplicationSupportsIndirectInputEvents = YES;
				INFOPLIST_KEY_UILaunchStoryboardName = LaunchScreen;
				INFOPLIST_KEY_UIStatusBarHidden = YES;
				INFOPLIST_KEY_UISupportedInterfaceOrientations_iPad = "UIInterfaceOrientationPortrait UIInterfaceOrientationPortraitUpsideDown UIInterfaceOrientationLandscapeLeft UIInterfaceOrientationLandscapeRight";
				INFOPLIST_KEY_UISupportedInterfaceOrientations_iPhone = "UIInterfaceOrientationPortrait UIInterfaceOrientationLandscapeLeft UIInterfaceOrientationLandscapeRight";
				LD_RUNPATH_SEARCH_PATHS = (
					"$(inherited)",
					"@executable_path/Frameworks",
				);
				MARKETING_VERSION = 1.0;
				PRODUCT_BUNDLE_IDENTIFIER = fi.knot;
				PRODUCT_NAME = "$(TARGET_NAME)";
				STRING_CATALOG_GENERATE_SYMBOLS = YES;
				SWIFT_APPROACHABLE_CONCURRENCY = YES;
				SWIFT_DEFAULT_ACTOR_ISOLATION = MainActor;
				SWIFT_EMIT_LOC_STRINGS = YES;
				SWIFT_UPCOMING_FEATURE_MEMBER_IMPORT_VISIBILITY = YES;
				SWIFT_VERSION = 5.0;
				TARGETED_DEVICE_FAMILY = "1,2";
			};
			name = Release;
		};
		D0EEE9912F312A97001771BB /* Debug */ = {
			isa = XCBuildConfiguration;
			buildSettings = {
				BUNDLE_LOADER = "$(TEST_HOST)";
				CODE_SIGN_STYLE = Automatic;
				CURRENT_PROJECT_VERSION = 1;
				DEVELOPMENT_TEAM = QHUBYNZ482;
				GENERATE_INFOPLIST_FILE = NO;
				IPHONEOS_DEPLOYMENT_TARGET = 26.0;
				MARKETING_VERSION = 1.0;
				PRODUCT_BUNDLE_IDENTIFIER = fi.knot.Tests;
				PRODUCT_NAME = "$(TARGET_NAME)";
				STRING_CATALOG_GENERATE_SYMBOLS = NO;
				SWIFT_APPROACHABLE_CONCURRENCY = YES;
				SWIFT_EMIT_LOC_STRINGS = NO;
				SWIFT_UPCOMING_FEATURE_MEMBER_IMPORT_VISIBILITY = YES;
				SWIFT_VERSION = 5.0;
				TARGETED_DEVICE_FAMILY = "1,2";
				TEST_HOST = "$(BUILT_PRODUCTS_DIR)/knot.app/$(BUNDLE_EXECUTABLE_FOLDER_PATH)/knot";
			};
			name = Debug;
		};
		D0EEE9922F312A97001771BB /* Release */ = {
			isa = XCBuildConfiguration;
			buildSettings = {
				BUNDLE_LOADER = "$(TEST_HOST)";
				CODE_SIGN_STYLE = Automatic;
				CURRENT_PROJECT_VERSION = 1;
				DEVELOPMENT_TEAM = QHUBYNZ482;
				GENERATE_INFOPLIST_FILE = NO;
				IPHONEOS_DEPLOYMENT_TARGET = 26.0;
				MARKETING_VERSION = 1.0;
				PRODUCT_BUNDLE_IDENTIFIER = fi.knot.Tests;
				PRODUCT_NAME = "$(TARGET_NAME)";
				STRING_CATALOG_GENERATE_SYMBOLS = NO;
				SWIFT_APPROACHABLE_CONCURRENCY = YES;
				SWIFT_EMIT_LOC_STRINGS = NO;
				SWIFT_UPCOMING_FEATURE_MEMBER_IMPORT_VISIBILITY = YES;
				SWIFT_VERSION = 5.0;
				TARGETED_DEVICE_FAMILY = "1,2";
				TEST_HOST = "$(BUILT_PRODUCTS_DIR)/knot.app/$(BUNDLE_EXECUTABLE_FOLDER_PATH)/knot";
			};
			name = Release;
		};
		D0EEE9942F312A97001771BB /* Debug */ = {
			isa = XCBuildConfiguration;
			buildSettings = {
				CODE_SIGN_STYLE = Automatic;
				CURRENT_PROJECT_VERSION = 1;
				DEVELOPMENT_TEAM = QHUBYNZ482;
				GENERATE_INFOPLIST_FILE = NO;
				MARKETING_VERSION = 1.0;
				PRODUCT_BUNDLE_IDENTIFIER = fi.knot.UITests;
				PRODUCT_NAME = "$(TARGET_NAME)";
				STRING_CATALOG_GENERATE_SYMBOLS = NO;
				SWIFT_APPROACHABLE_CONCURRENCY = YES;
				SWIFT_EMIT_LOC_STRINGS = NO;
				SWIFT_UPCOMING_FEATURE_MEMBER_IMPORT_VISIBILITY = YES;
				SWIFT_VERSION = 5.0;
				TARGETED_DEVICE_FAMILY = "1,2";
				TEST_TARGET_NAME = knot;
			};
			name = Debug;
		};
		D0EEE9952F312A97001771BB /* Release */ = {
			isa = XCBuildConfiguration;
			buildSettings = {
				CODE_SIGN_STYLE = Automatic;
				CURRENT_PROJECT_VERSION = 1;
				DEVELOPMENT_TEAM = QHUBYNZ482;
				GENERATE_INFOPLIST_FILE = NO;
				MARKETING_VERSION = 1.0;
				PRODUCT_BUNDLE_IDENTIFIER = fi.knot.UITests;
				PRODUCT_NAME = "$(TARGET_NAME)";
				STRING_CATALOG_GENERATE_SYMBOLS = NO;
				SWIFT_APPROACHABLE_CONCURRENCY = YES;
				SWIFT_EMIT_LOC_STRINGS = NO;
				SWIFT_UPCOMING_FEATURE_MEMBER_IMPORT_VISIBILITY = YES;
				SWIFT_VERSION = 5.0;
				TARGETED_DEVICE_FAMILY = "1,2";
				TEST_TARGET_NAME = knot;
			};
			name = Release;
		};
/* End XCBuildConfiguration section */

/* Begin XCConfigurationList section */
		D0EEE9652F312A96001771BB /* Build configuration list for PBXProject "knot" */ = {
			isa = XCConfigurationList;
			buildConfigurations = (
				D0EEE98B2F312A97001771BB /* Debug */,
				D0EEE98C2F312A97001771BB /* Release */,
			);
			defaultConfigurationIsVisible = 0;
			defaultConfigurationName = Release;
		};
		D0EEE98D2F312A97001771BB /* Build configuration list for PBXNativeTarget "knot" */ = {
			isa = XCConfigurationList;
			buildConfigurations = (
				D0EEE98E2F312A97001771BB /* Debug */,
				D0EEE98F2F312A97001771BB /* Release */,
			);
			defaultConfigurationIsVisible = 0;
			defaultConfigurationName = Release;
		};
		D0EEE9902F312A97001771BB /* Build configuration list for PBXNativeTarget "Tests" */ = {
			isa = XCConfigurationList;
			buildConfigurations = (
				D0EEE9912F312A97001771BB /* Debug */,
				D0EEE9922F312A97001771BB /* Release */,
			);
			defaultConfigurationIsVisible = 0;
			defaultConfigurationName = Release;
		};
		D0EEE9932F312A97001771BB /* Build configuration list for PBXNativeTarget "UITests" */ = {
			isa = XCConfigurationList;
			buildConfigurations = (
				D0EEE9942F312A97001771BB /* Debug */,
				D0EEE9952F312A97001771BB /* Release */,
			);
			defaultConfigurationIsVisible = 0;
			defaultConfigurationName = Release;
		};
/* End XCConfigurationList section */

/* Begin XCLocalSwiftPackageReference section */
		D0BAL0002F3A0000001771BB /* XCLocalSwiftPackageReference "../../packages/balance" */ = {
			isa = XCLocalSwiftPackageReference;
			relativePath = ../../packages/balance;
		};
		D0CMP0002F4B0000001771BB /* XCLocalSwiftPackageReference "../../packages/compose" */ = {
			isa = XCLocalSwiftPackageReference;
			relativePath = ../../packages/compose;
		};
		D0EAD1412F338079003B1EE1 /* XCLocalSwiftPackageReference "../../packages/transactions" */ = {
			isa = XCLocalSwiftPackageReference;
			relativePath = ../../packages/transactions;
		};
		D0EAD1442F338A17003B1EE1 /* XCLocalSwiftPackageReference "../../packages/aa" */ = {
			isa = XCLocalSwiftPackageReference;
			relativePath = ../../packages/aa;
		};
		D0EAD1472F338A51003B1EE1 /* XCLocalSwiftPackageReference "../../packages/ens" */ = {
			isa = XCLocalSwiftPackageReference;
			relativePath = ../../packages/ens;
		};
		D0EEE9C12F3145FD001771BB /* XCLocalSwiftPackageReference "../../packages/account-setup" */ = {
			isa = XCLocalSwiftPackageReference;
			relativePath = "../../packages/account-setup";
		};
/* End XCLocalSwiftPackageReference section */

/* Begin XCRemoteSwiftPackageReference section */
		D0QRC0002F6A2000001771BB /* XCRemoteSwiftPackageReference "QRCode" */ = {
			isa = XCRemoteSwiftPackageReference;
			repositoryURL = "https://github.com/dagronf/QRCode.git";
			requirement = {
				kind = upToNextMajorVersion;
				minimumVersion = 27.0.0;
			};
		};
/* End XCRemoteSwiftPackageReference section */

/* Begin XCSwiftPackageProductDependency section */
		D0BAL0012F3A0001001771BB /* Balance */ = {
			isa = XCSwiftPackageProductDependency;
			productName = Balance;
		};
		D0CMP0022F4B0002001771BB /* Compose */ = {
			isa = XCSwiftPackageProductDependency;
			productName = Compose;
		};
		D0EAD1452F338A17003B1EE1 /* AA */ = {
			isa = XCSwiftPackageProductDependency;
			productName = AA;
		};
		D0EAD1482F338A51003B1EE1 /* ENS */ = {
			isa = XCSwiftPackageProductDependency;
			productName = ENS;
		};
		D0EEE9C22F3145FD001771BB /* AccountSetup */ = {
			isa = XCSwiftPackageProductDependency;
			productName = AccountSetup;
		};
		D0QRC0012F6A2001001771BB /* QRCode */ = {
			isa = XCSwiftPackageProductDependency;
			package = D0QRC0002F6A2000001771BB /* XCRemoteSwiftPackageReference "QRCode" */;
			productName = QRCode;
		};
		D0TXN0012F3B0001001771BB /* Transactions */ = {
			isa = XCSwiftPackageProductDependency;
			productName = Transactions;
		};
/* End XCSwiftPackageProductDependency section */
	};
	rootObject = D0EEE9622F312A96001771BB /* Project object */;
}
